
Microsoft Visual Studio Solution File, Format Version 12.00
# Visual Studio 15
VisualStudioVersion = 15.0.26403.7
MinimumVisualStudioVersion = 10.0.40219.1
Project("{9092AA53-FB77-4645-B42D-1CCCA6BD08BD}") = "borncamp_web", "borncamp_web\borncamp_web.njsproj", "{D9C76089-0CAF-40D8-BAE3-DAE0B8B8E4AD}"
EndProject
Global
	GlobalSection(SolutionConfigurationPlatforms) = preSolution
		Debug|Any CPU = Debug|Any CPU
		Release|Any CPU = Release|Any CPU
	EndGlobalSection
	GlobalSection(ProjectConfigurationPlatforms) = postSolution
		{D9C76089-0CAF-40D8-BAE3-DAE0B8B8E4AD}.Debug|Any CPU.ActiveCfg = Debug|Any CPU
		{D9C76089-0CAF-40D8-BAE3-DAE0B8B8E4AD}.Debug|Any CPU.Build.0 = Debug|Any CPU
		{D9C76089-0CAF-40D8-BAE3-DAE0B8B8E4AD}.Release|Any CPU.ActiveCfg = Release|Any CPU
		{D9C76089-0CAF-40D8-BAE3-DAE0B8B8E4AD}.Release|Any CPU.Build.0 = Release|Any CPU
	EndGlobalSection
	GlobalSection(SolutionProperties) = preSolution
		HideSolutionNode = FALSE
	EndGlobalSection
EndGlobal
